// !$*UTF8*$!
{
	archiveVersion = 1;
	classes = {
	};
	objectVersion = 56;
	objects = {

/* Begin PBXBuildFile section */
		2B6BAF6F2C29C2ED002C4EE4 /* questionappApp.swift in Sources */ = {isa = PBXBuildFile; fileRef = 2B6BAF6E2C29C2ED002C4EE4 /* questionappApp.swift */; };
		2B6BAF712C29C2ED002C4EE4 /* ContentView.swift in Sources */ = {isa = PBXBuildFile; fileRef = 2B6BAF702C29C2ED002C4EE4 /* ContentView.swift */; };
		2B6BAF732C29C2EF002C4EE4 /* Assets.xcassets in Resources */ = {isa = PBXBuildFile; fileRef = 2B6BAF722C29C2EF002C4EE4 /* Assets.xcassets */; };
		2B6BAF762C29C2EF002C4EE4 /* Preview Assets.xcassets in Resources */ = {isa = PBXBuildFile; fileRef = 2B6BAF752C29C2EF002C4EE4 /* Preview Assets.xcassets */; };
		2B6BAF802C29C2EF002C4EE4 /* questionappTests.swift in Sources */ = {isa = PBXBuildFile; fileRef = 2B6BAF7F2C29C2EF002C4EE4 /* questionappTests.swift */; };
		2B6BAF8A2C29C2EF002C4EE4 /* questionappUITests.swift in Sources */ = {isa = PBXBuildFile; fileRef = 2B6BAF892C29C2EF002C4EE4 /* questionappUITests.swift */; };
		2B6BAF8C2C29C2EF002C4EE4 /* questionappUITestsLaunchTests.swift in Sources */ = {isa = PBXBuildFile; fileRef = 2B6BAF8B2C29C2EF002C4EE4 /* questionappUITestsLaunchTests.swift */; };
/* End PBXBuildFile section */

/* Begin PBXContainerItemProxy section */
		2B6BAF7C2C29C2EF002C4EE4 /* PBXContainerItemProxy */ = {
			isa = PBXContainerItemProxy;
			containerPortal = 2B6BAF632C29C2ED002C4EE4 /* Project object */;
			proxyType = 1;
			remoteGlobalIDString = 2B6BAF6A2C29C2ED002C4EE4;
			remoteInfo = questionapp;
		};
		2B6BAF862C29C2EF002C4EE4 /* PBXContainerItemProxy */ = {
			isa = PBXContainerItemProxy;
			containerPortal = 2B6BAF632C29C2ED002C4EE4 /* Project object */;
			proxyType = 1;
			remoteGlobalIDString = 2B6BAF6A2C29C2ED002C4EE4;
			remoteInfo = questionapp;
		};
/* End PBXContainerItemProxy section */

/* Begin PBXFileReference section */
		2B6BAF6B2C29C2ED002C4EE4 /* questionapp.app */ = {isa = PBXFileReference; explicitFileType = wrapper.application; includeInIndex = 0; path = questionapp.app; sourceTree = BUILT_PRODUCTS_DIR; };
		2B6BAF6E2C29C2ED002C4EE4 /* questionappApp.swift */ = {isa = PBXFileReference; lastKnownFileType = sourcecode.swift; path = questionappApp.swift; sourceTree = "<group>"; };
		2B6BAF702C29C2ED002C4EE4 /* ContentView.swift */ = {isa = PBXFileReference; lastKnownFileType = sourcecode.swift; path = ContentView.swift; sourceTree = "<group>"; };
		2B6BAF722C29C2EF002C4EE4 /* Assets.xcassets */ = {isa = PBXFileReference; lastKnownFileType = folder.assetcatalog; path = Assets.xcassets; sourceTree = "<group>"; };
		2B6BAF752C29C2EF002C4EE4 /* Preview Assets.xcassets */ = {isa = PBXFileReference; lastKnownFileType = folder.assetcatalog; path = "Preview Assets.xcassets"; sourceTree = "<group>"; };
		2B6BAF7B2C29C2EF002C4EE4 /* questionappTests.xctest */ = {isa = PBXFileReference; explicitFileType = wrapper.cfbundle; includeInIndex = 0; path = questionappTests.xctest; sourceTree = BUILT_PRODUCTS_DIR; };
		2B6BAF7F2C29C2EF002C4EE4 /* questionappTests.swift */ = {isa = PBXFileReference; lastKnownFileType = sourcecode.swift; path = questionappTests.swift; sourceTree = "<group>"; };
		2B6BAF852C29C2EF002C4EE4 /* questionappUITests.xctest */ = {isa = PBXFileReference; explicitFileType = wrapper.cfbundle; includeInIndex = 0; path = questionappUITests.xctest; sourceTree = BUILT_PRODUCTS_DIR; };
		2B6BAF892C29C2EF002C4EE4 /* questionappUITests.swift */ = {isa = PBXFileReference; lastKnownFileType = sourcecode.swift; path = questionappUITests.swift; sourceTree = "<group>"; };
		2B6BAF8B2C29C2EF002C4EE4 /* questionappUITestsLaunchTests.swift */ = {isa = PBXFileReference; lastKnownFileType = sourcecode.swift; path = questionappUITestsLaunchTests.swift; sourceTree = "<group>"; };
/* End PBXFileReference section */

/* Begin PBXFrameworksBuildPhase section */
		2B6BAF682C29C2ED002C4EE4 /* Frameworks */ = {
			isa = PBXFrameworksBuildPhase;
			buildActionMask = 2147483647;
			files = (
			);
			runOnlyForDeploymentPostprocessing = 0;
		};
		2B6BAF782C29C2EF002C4EE4 /* Frameworks */ = {
			isa = PBXFrameworksBuildPhase;
			buildActionMask = 2147483647;
			files = (
			);
			runOnlyForDeploymentPostprocessing = 0;
		};
		2B6BAF822C29C2EF002C4EE4 /* Frameworks */ = {
			isa = PBXFrameworksBuildPhase;
			buildActionMask = 2147483647;
			files = (
			);
			runOnlyForDeploymentPostprocessing = 0;
		};
/* End PBXFrameworksBuildPhase section */

/* Begin PBXGroup section */
		2B6BAF622C29C2ED002C4EE4 = {
			isa = PBXGroup;
			children = (
				2B6BAF6D2C29C2ED002C4EE4 /* questionapp */,
				2B6BAF7E2C29C2EF002C4EE4 /* questionappTests */,
				2B6BAF882C29C2EF002C4EE4 /* questionappUITests */,
				2B6BAF6C2C29C2ED002C4EE4 /* Products */,
			);
			sourceTree = "<group>";
		};
		2B6BAF6C2C29C2ED002C4EE4 /* Products */ = {
			isa = PBXGroup;
			children = (
				2B6BAF6B2C29C2ED002C4EE4 /* questionapp.app */,
				2B6BAF7B2C29C2EF002C4EE4 /* questionappTests.xctest */,
				2B6BAF852C29C2EF002C4EE4 /* questionappUITests.xctest */,
			);
			name = Products;
			sourceTree = "<group>";
		};
		2B6BAF6D2C29C2ED002C4EE4 /* questionapp */ = {
			isa = PBXGroup;
			children = (
				2B6BAF6E2C29C2ED002C4EE4 /* questionappApp.swift */,
				2B6BAF702C29C2ED002C4EE4 /* ContentView.swift */,
				2B6BAF722C29C2EF002C4EE4 /* Assets.xcassets */,
				2B6BAF742C29C2EF002C4EE4 /* Preview Content */,
			);
			path = questionapp;
			sourceTree = "<group>";
		};
		2B6BAF742C29C2EF002C4EE4 /* Preview Content */ = {
			isa = PBXGroup;
			children = (
				2B6BAF752C29C2EF002C4EE4 /* Preview Assets.xcassets */,
			);
			path = "Preview Content";
			sourceTree = "<group>";
		};
		2B6BAF7E2C29C2EF002C4EE4 /* questionappTests */ = {
			isa = PBXGroup;
			children = (
				2B6BAF7F2C29C2EF002C4EE4 /* questionappTests.swift */,
			);
			path = questionappTests;
			sourceTree = "<group>";
		};
		2B6BAF882C29C2EF002C4EE4 /* questionappUITests */ = {
			isa = PBXGroup;
			children = (
				2B6BAF892C29C2EF002C4EE4 /* questionappUITests.swift */,
				2B6BAF8B2C29C2EF002C4EE4 /* questionappUITestsLaunchTests.swift */,
			);
			path = questionappUITests;
			sourceTree = "<group>";
		};
/* End PBXGroup section */

/* Begin PBXNativeTarget section */
		2B6BAF6A2C29C2ED002C4EE4 /* questionapp */ = {
			isa = PBXNativeTarget;
			buildConfigurationList = 2B6BAF8F2C29C2EF002C4EE4 /* Build configuration list for PBXNativeTarget "questionapp" */;
			buildPhases = (
				2B6BAF672C29C2ED002C4EE4 /* Sources */,
				2B6BAF682C29C2ED002C4EE4 /* Frameworks */,
				2B6BAF692C29C2ED002C4EE4 /* Resources */,
			);
			buildRules = (
			);
			dependencies = (
			);
			name = questionapp;
			productName = questionapp;
			productReference = 2B6BAF6B2C29C2ED002C4EE4 /* questionapp.app */;
			productType = "com.apple.product-type.application";
		};
		2B6BAF7A2C29C2EF002C4EE4 /* questionappTests */ = {
			isa = PBXNativeTarget;
			buildConfigurationList = 2B6BAF922C29C2EF002C4EE4 /* Build configuration list for PBXNativeTarget "questionappTests" */;
			buildPhases = (
				2B6BAF772C29C2EF002C4EE4 /* Sources */,
				2B6BAF782C29C2EF002C4EE4 /* Frameworks */,
				2B6BAF792C29C2EF002C4EE4 /* Resources */,
			);
			buildRules = (
			);
			dependencies = (
				2B6BAF7D2C29C2EF002C4EE4 /* PBXTargetDependency */,
			);
			name = questionappTests;
			productName = questionappTests;
			productReference = 2B6BAF7B2C29C2EF002C4EE4 /* questionappTests.xctest */;
			productType = "com.apple.product-type.bundle.unit-test";
		};
		2B6BAF842C29C2EF002C4EE4 /* questionappUITests */ = {
			isa = PBXNativeTarget;
			buildConfigurationList = 2B6BAF952C29C2EF002C4EE4 /* Build configuration list for PBXNativeTarget "questionappUITests" */;
			buildPhases = (
				2B6BAF812C29C2EF002C4EE4 /* Sources */,
				2B6BAF822C29C2EF002C4EE4 /* Frameworks */,
				2B6BAF832C29C2EF002C4EE4 /* Resources */,
			);
			buildRules = (
			);
			dependencies = (
				2B6BAF872C29C2EF002C4EE4 /* PBXTargetDependency */,
			);
			name = questionappUITests;
			productName = questionappUITests;
			productReference = 2B6BAF852C29C2EF002C4EE4 /* questionappUITests.xctest */;
			productType = "com.apple.product-type.bundle.ui-testing";
		};
/* End PBXNativeTarget section */

/* Begin PBXProject section */
		2B6BAF632C29C2ED002C4EE4 /* Project object */ = {
			isa = PBXProject;
			attributes = {
				BuildIndependentTargetsInParallel = 1;
				LastSwiftUpdateCheck = 1540;
				LastUpgradeCheck = 1540;
				TargetAttributes = {
					2B6BAF6A2C29C2ED002C4EE4 = {
						CreatedOnToolsVersion = 15.4;
					};
					2B6BAF7A2C29C2EF002C4EE4 = {
						CreatedOnToolsVersion = 15.4;
						TestTargetID = 2B6BAF6A2C29C2ED002C4EE4;
					};
					2B6BAF842C29C2EF002C4EE4 = {
						CreatedOnToolsVersion = 15.4;
						TestTargetID = 2B6BAF6A2C29C2ED002C4EE4;
					};
				};
			};
			buildConfigurationList = 2B6BAF662C29C2ED002C4EE4 /* Build configuration list for PBXProject "questionapp" */;
			compatibilityVersion = "Xcode 14.0";
			developmentRegion = en;
			hasScannedForEncodings = 0;
			knownRegions = (
				en,
				Base,
			);
			mainGroup = 2B6BAF622C29C2ED002C4EE4;
			productRefGroup = 2B6BAF6C2C29C2ED002C4EE4 /* Products */;
			projectDirPath = "";
			projectRoot = "";
			targets = (
				2B6BAF6A2C29C2ED002C4EE4 /* questionapp */,
				2B6BAF7A2C29C2EF002C4EE4 /* questionappTests */,
				2B6BAF842C29C2EF002C4EE4 /* questionappUITests */,
			);
		};
/* End PBXProject section */

/* Begin PBXResourcesBuildPhase section */
		2B6BAF692C29C2ED002C4EE4 /* Resources */ = {
			isa = PBXResourcesBuildPhase;
			buildActionMask = 2147483647;
			files = (
				2B6BAF762C29C2EF002C4EE4 /* Preview Assets.xcassets in Resources */,
				2B6BAF732C29C2EF002C4EE4 /* Assets.xcassets in Resources */,
			);
			runOnlyForDeploymentPostprocessing = 0;
		};
		2B6BAF792C29C2EF002C4EE4 /* Resources */ = {
			isa = PBXResourcesBuildPhase;
			buildActionMask = 2147483647;
			files = (
			);
			runOnlyForDeploymentPostprocessing = 0;
		};
		2B6BAF832C29C2EF002C4EE4 /* Resources */ = {
			isa = PBXResourcesBuildPhase;
			buildActionMask = 2147483647;
			files = (
			);
			runOnlyForDeploymentPostprocessing = 0;
		};
/* End PBXResourcesBuildPhase section */

/* Begin PBXSourcesBuildPhase section */
		2B6BAF672C29C2ED002C4EE4 /* Sources */ = {
			isa = PBXSourcesBuildPhase;
			buildActionMask = 2147483647;
			files = (
				2B6BAF712C29C2ED002C4EE4 /* ContentView.swift in Sources */,
				2B6BAF6F2C29C2ED002C4EE4 /* questionappApp.swift in Sources */,
			);
			runOnlyForDeploymentPostprocessing = 0;
		};
		2B6BAF772C29C2EF002C4EE4 /* Sources */ = {
			isa = PBXSourcesBuildPhase;
			buildActionMask = 2147483647;
			files = (
				2B6BAF802C29C2EF002C4EE4 /* questionappTests.swift in Sources */,
			);
			runOnlyForDeploymentPostprocessing = 0;
		};
		2B6BAF812C29C2EF002C4EE4 /* Sources */ = {
			isa = PBXSourcesBuildPhase;
			buildActionMask = 2147483647;
			files = (
				2B6BAF8C2C29C2EF002C4EE4 /* questionappUITestsLaunchTests.swift in Sources */,
				2B6BAF8A2C29C2EF002C4EE4 /* questionappUITests.swift in Sources */,
			);
			runOnlyForDeploymentPostprocessing = 0;
		};
/* End PBXSourcesBuildPhase section */

/* Begin PBXTargetDependency section */
		2B6BAF7D2C29C2EF002C4EE4 /* PBXTargetDependency */ = {
			isa = PBXTargetDependency;
			target = 2B6BAF6A2C29C2ED002C4EE4 /* questionapp */;
			targetProxy = 2B6BAF7C2C29C2EF002C4EE4 /* PBXContainerItemProxy */;
		};
		2B6BAF872C29C2EF002C4EE4 /* PBXTargetDependency */ = {
			isa = PBXTargetDependency;
			target = 2B6BAF6A2C29C2ED002C4EE4 /* questionapp */;
			targetProxy = 2B6BAF862C29C2EF002C4EE4 /* PBXContainerItemProxy */;
		};
/* End PBXTargetDependency section */

/* Begin XCBuildConfiguration section */
		2B6BAF8D2C29C2EF002C4EE4 /* Debug */ = {
			isa = XCBuildConfiguration;
			buildSettings = {
				ALWAYS_SEARCH_USER_PATHS = NO;
				ASSETCATALOG_COMPILER_GENERATE_SWIFT_ASSET_SYMBOL_EXTENSIONS = YES;
				CLANG_ANALYZER_NONNULL = YES;
				CLANG_ANALYZER_NUMBER_OBJECT_CONVERSION = YES_AGGRESSIVE;
				CLANG_CXX_LANGUAGE_STANDARD = "gnu++20";
				CLANG_ENABLE_MODULES = YES;
				CLANG_ENABLE_OBJC_ARC = YES;
				CLANG_ENABLE_OBJC_WEAK = YES;
				CLANG_WARN_BLOCK_CAPTURE_AUTORELEASING = YES;
				CLANG_WARN_BOOL_CONVERSION = YES;
				CLANG_WARN_COMMA = YES;
				CLANG_WARN_CONSTANT_CONVERSION = YES;
				CLANG_WARN_DEPRECATED_OBJC_IMPLEMENTATIONS = YES;
				CLANG_WARN_DIRECT_OBJC_ISA_USAGE = YES_ERROR;
				CLANG_WARN_DOCUMENTATION_COMMENTS = YES;
				CLANG_WARN_EMPTY_BODY = YES;
				CLANG_WARN_ENUM_CONVERSION = YES;
				CLANG_WARN_INFINITE_RECURSION = YES;
				CLANG_WARN_INT_CONVERSION = YES;
				CLANG_WARN_NON_LITERAL_NULL_CONVERSION = YES;
				CLANG_WARN_OBJC_IMPLICIT_RETAIN_SELF = YES;
				CLANG_WARN_OBJC_LITERAL_CONVERSION = YES;
				CLANG_WARN_OBJC_ROOT_CLASS = YES_ERROR;
				CLANG_WARN_QUOTED_INCLUDE_IN_FRAMEWORK_HEADER = YES;
				CLANG_WARN_RANGE_LOOP_ANALYSIS = YES;
				CLANG_WARN_STRICT_PROTOTYPES = YES;
				CLANG_WARN_SUSPICIOUS_MOVE = YES;
				CLANG_WARN_UNGUARDED_AVAILABILITY = YES_AGGRESSIVE;
				CLANG_WARN_UNREACHABLE_CODE = YES;
				CLANG_WARN__DUPLICATE_METHOD_MATCH = YES;
				COPY_PHASE_STRIP = NO;
				DEBUG_INFORMATION_FORMAT = dwarf;
				ENABLE_STRICT_OBJC_MSGSEND = YES;
				ENABLE_TESTABILITY = YES;
				ENABLE_USER_SCRIPT_SANDBOXING = YES;
				GCC_C_LANGUAGE_STANDARD = gnu17;
				GCC_DYNAMIC_NO_PIC = NO;
				GCC_NO_COMMON_BLOCKS = YES;
				GCC_OPTIMIZATION_LEVEL = 0;
				GCC_PREPROCESSOR_DEFINITIONS = (
					"DEBUG=1",
					"$(inherited)",
				);
				GCC_WARN_64_TO_32_BIT_CONVERSION = YES;
				GCC_WARN_ABOUT_RETURN_TYPE = YES_ERROR;
				GCC_WARN_UNDECLARED_SELECTOR = YES;
				GCC_WARN_UNINITIALIZED_AUTOS = YES_AGGRESSIVE;
				GCC_WARN_UNUSED_FUNCTION = YES;
				GCC_WARN_UNUSED_VARIABLE = YES;
				IPHONEOS_DEPLOYMENT_TARGET = 17.5;
				LOCALIZATION_PREFERS_STRING_CATALOGS = YES;
				MTL_ENABLE_DEBUG_INFO = INCLUDE_SOURCE;
				MTL_FAST_MATH = YES;
				ONLY_ACTIVE_ARCH = YES;
				SDKROOT = iphoneos;
				SWIFT_ACTIVE_COMPILATION_CONDITIONS = "DEBUG $(inherited)";
				SWIFT_OPTIMIZATION_LEVEL = "-Onone";
			};
			name = Debug;
		};
		2B6BAF8E2C29C2EF002C4EE4 /* Release */ = {
			isa = XCBuildConfiguration;
			buildSettings = {
				ALWAYS_SEARCH_USER_PATHS = NO;
				ASSETCATALOG_COMPILER_GENERATE_SWIFT_ASSET_SYMBOL_EXTENSIONS = YES;
				CLANG_ANALYZER_NONNULL = YES;
				CLANG_ANALYZER_NUMBER_OBJECT_CONVERSION = YES_AGGRESSIVE;
				CLANG_CXX_LANGUAGE_STANDARD = "gnu++20";
				CLANG_ENABLE_MODULES = YES;
				CLANG_ENABLE_OBJC_ARC = YES;
				CLANG_ENABLE_OBJC_WEAK = YES;
				CLANG_WARN_BLOCK_CAPTURE_AUTORELEASING = YES;
				CLANG_WARN_BOOL_CONVERSION = YES;
				CLANG_WARN_COMMA = YES;
				CLANG_WARN_CONSTANT_CONVERSION = YES;
				CLANG_WARN_DEPRECATED_OBJC_IMPLEMENTATIONS = YES;
				CLANG_WARN_DIRECT_OBJC_ISA_USAGE = YES_ERROR;
				CLANG_WARN_DOCUMENTATION_COMMENTS = YES;
				CLANG_WARN_EMPTY_BODY = YES;
				CLANG_WARN_ENUM_CONVERSION = YES;
				CLANG_WARN_INFINITE_RECURSION = YES;
				CLANG_WARN_INT_CONVERSION = YES;
				CLANG_WARN_NON_LITERAL_NULL_CONVERSION = YES;
				CLANG_WARN_OBJC_IMPLICIT_RETAIN_SELF = YES;
				CLANG_WARN_OBJC_LITERAL_CONVERSION = YES;
				CLANG_WARN_OBJC_ROOT_CLASS = YES_ERROR;
				CLANG_WARN_QUOTED_INCLUDE_IN_FRAMEWORK_HEADER = YES;
				CLANG_WARN_RANGE_LOOP_ANALYSIS = YES;
				CLANG_WARN_STRICT_PROTOTYPES = YES;
				CLANG_WARN_SUSPICIOUS_MOVE = YES;
				CLANG_WARN_UNGUARDED_AVAILABILITY = YES_AGGRESSIVE;
				CLANG_WARN_UNREACHABLE_CODE = YES;
				CLANG_WARN__DUPLICATE_METHOD_MATCH = YES;
				COPY_PHASE_STRIP = NO;
				DEBUG_INFORMATION_FORMAT = "dwarf-with-dsym";
				ENABLE_NS_ASSERTIONS = NO;
				ENABLE_STRICT_OBJC_MSGSEND = YES;
				ENABLE_USER_SCRIPT_SANDBOXING = YES;
				GCC_C_LANGUAGE_STANDARD = gnu17;
				GCC_NO_COMMON_BLOCKS = YES;
				GCC_WARN_64_TO_32_BIT_CONVERSION = YES;
				GCC_WARN_ABOUT_RETURN_TYPE = YES_ERROR;
				GCC_WARN_UNDECLARED_SELECTOR = YES;
				GCC_WARN_UNINITIALIZED_AUTOS = YES_AGGRESSIVE;
				GCC_WARN_UNUSED_FUNCTION = YES;
				GCC_WARN_UNUSED_VARIABLE = YES;
				IPHONEOS_DEPLOYMENT_TARGET = 17.5;
				LOCALIZATION_PREFERS_STRING_CATALOGS = YES;
				MTL_ENABLE_DEBUG_INFO = NO;
				MTL_FAST_MATH = YES;
				SDKROOT = iphoneos;
				SWIFT_COMPILATION_MODE = wholemodule;
				VALIDATE_PRODUCT = YES;
			};
			name = Release;
		};
		2B6BAF902C29C2EF002C4EE4 /* Debug */ = {
			isa = XCBuildConfiguration;
			buildSettings = {
				ASSETCATALOG_COMPILER_APPICON_NAME = AppIcon;
				ASSETCATALOG_COMPILER_GLOBAL_ACCENT_COLOR_NAME = AccentColor;
				CODE_SIGN_STYLE = Automatic;
				CURRENT_PROJECT_VERSION = 1;
				DEVELOPMENT_ASSET_PATHS = "\"questionapp/Preview Content\"";
				DEVELOPMENT_TEAM = SCQ33YNG7Z;
				ENABLE_PREVIEWS = YES;
				GENERATE_INFOPLIST_FILE = YES;
				INFOPLIST_KEY_UIApplicationSceneManifest_Generation = YES;
				INFOPLIST_KEY_UIApplicationSupportsIndirectInputEvents = YES;
				INFOPLIST_KEY_UILaunchScreen_Generation = YES;
				INFOPLIST_KEY_UISupportedInterfaceOrientations_iPad = "UIInterfaceOrientationPortrait UIInterfaceOrientationPortraitUpsideDown UIInterfaceOrientationLandscapeLeft UIInterfaceOrientationLandscapeRight";
				INFOPLIST_KEY_UISupportedInterfaceOrientations_iPhone = "UIInterfaceOrientationPortrait UIInterfaceOrientationLandscapeLeft UIInterfaceOrientationLandscapeRight";
				LD_RUNPATH_SEARCH_PATHS = (
					"$(inherited)",
					"@executable_path/Frameworks",
				);
				MARKETING_VERSION = 1.0;
				PRODUCT_BUNDLE_IDENTIFIER = KWK.questionapp;
				PRODUCT_NAME = "$(TARGET_NAME)";
				SWIFT_EMIT_LOC_STRINGS = YES;
				SWIFT_VERSION = 5.0;
				TARGETED_DEVICE_FAMILY = "1,2";
			};
			name = Debug;
		};
		2B6BAF912C29C2EF002C4EE4 /* Release */ = {
			isa = XCBuildConfiguration;
			buildSettings = {
				ASSETCATALOG_COMPILER_APPICON_NAME = AppIcon;
				ASSETCATALOG_COMPILER_GLOBAL_ACCENT_COLOR_NAME = AccentColor;
				CODE_SIGN_STYLE = Automatic;
				CURRENT_PROJECT_VERSION = 1;
				DEVELOPMENT_ASSET_PATHS = "\"questionapp/Preview Content\"";
				DEVELOPMENT_TEAM = SCQ33YNG7Z;
				ENABLE_PREVIEWS = YES;
				GENERATE_INFOPLIST_FILE = YES;
				INFOPLIST_KEY_UIApplicationSceneManifest_Generation = YES;
				INFOPLIST_KEY_UIApplicationSupportsIndirectInputEvents = YES;
				INFOPLIST_KEY_UILaunchScreen_Generation = YES;
				INFOPLIST_KEY_UISupportedInterfaceOrientations_iPad = "UIInterfaceOrientationPortrait UIInterfaceOrientationPortraitUpsideDown UIInterfaceOrientationLandscapeLeft UIInterfaceOrientationLandscapeRight";
				INFOPLIST_KEY_UISupportedInterfaceOrientations_iPhone = "UIInterfaceOrientationPortrait UIInterfaceOrientationLandscapeLeft UIInterfaceOrientationLandscapeRight";
				LD_RUNPATH_SEARCH_PATHS = (
					"$(inherited)",
					"@executable_path/Frameworks",
				);
				MARKETING_VERSION = 1.0;
				PRODUCT_BUNDLE_IDENTIFIER = KWK.questionapp;
				PRODUCT_NAME = "$(TARGET_NAME)";
				SWIFT_EMIT_LOC_STRINGS = YES;
				SWIFT_VERSION = 5.0;
				TARGETED_DEVICE_FAMILY = "1,2";
			};
			name = Release;
		};
		2B6BAF932C29C2EF002C4EE4 /* Debug */ = {
			isa = XCBuildConfiguration;
			buildSettings = {
				ALWAYS_EMBED_SWIFT_STANDARD_LIBRARIES = YES;
				BUNDLE_LOADER = "$(TEST_HOST)";
				CODE_SIGN_STYLE = Automatic;
				CURRENT_PROJECT_VERSION = 1;
				DEVELOPMENT_TEAM = SCQ33YNG7Z;
				GENERATE_INFOPLIST_FILE = YES;
				IPHONEOS_DEPLOYMENT_TARGET = 17.5;
				MARKETING_VERSION = 1.0;
				PRODUCT_BUNDLE_IDENTIFIER = KWK.questionappTests;
				PRODUCT_NAME = "$(TARGET_NAME)";
				SWIFT_EMIT_LOC_STRINGS = NO;
				SWIFT_VERSION = 5.0;
				TARGETED_DEVICE_FAMILY = "1,2";
				TEST_HOST = "$(BUILT_PRODUCTS_DIR)/questionapp.app/$(BUNDLE_EXECUTABLE_FOLDER_PATH)/questionapp";
			};
			name = Debug;
		};
		2B6BAF942C29C2EF002C4EE4 /* Release */ = {
			isa = XCBuildConfiguration;
			buildSettings = {
				ALWAYS_EMBED_SWIFT_STANDARD_LIBRARIES = YES;
				BUNDLE_LOADER = "$(TEST_HOST)";
				CODE_SIGN_STYLE = Automatic;
				CURRENT_PROJECT_VERSION = 1;
				DEVELOPMENT_TEAM = SCQ33YNG7Z;
				GENERATE_INFOPLIST_FILE = YES;
				IPHONEOS_DEPLOYMENT_TARGET = 17.5;
				MARKETING_VERSION = 1.0;
				PRODUCT_BUNDLE_IDENTIFIER = KWK.questionappTests;
				PRODUCT_NAME = "$(TARGET_NAME)";
				SWIFT_EMIT_LOC_STRINGS = NO;
				SWIFT_VERSION = 5.0;
				TARGETED_DEVICE_FAMILY = "1,2";
				TEST_HOST = "$(BUILT_PRODUCTS_DIR)/questionapp.app/$(BUNDLE_EXECUTABLE_FOLDER_PATH)/questionapp";
			};
			name = Release;
		};
		2B6BAF962C29C2EF002C4EE4 /* Debug */ = {
			isa = XCBuildConfiguration;
			buildSettings = {
				ALWAYS_EMBED_SWIFT_STANDARD_LIBRARIES = YES;
				CODE_SIGN_STYLE = Automatic;
				CURRENT_PROJECT_VERSION = 1;
				DEVELOPMENT_TEAM = SCQ33YNG7Z;
				GENERATE_INFOPLIST_FILE = YES;
				MARKETING_VERSION = 1.0;
				PRODUCT_BUNDLE_IDENTIFIER = KWK.questionappUITests;
				PRODUCT_NAME = "$(TARGET_NAME)";
				SWIFT_EMIT_LOC_STRINGS = NO;
				SWIFT_VERSION = 5.0;
				TARGETED_DEVICE_FAMILY = "1,2";
				TEST_TARGET_NAME = questionapp;
			};
			name = Debug;
		};
		2B6BAF972C29C2EF002C4EE4 /* Release */ = {
			isa = XCBuildConfiguration;
			buildSettings = {
				ALWAYS_EMBED_SWIFT_STANDARD_LIBRARIES = YES;
				CODE_SIGN_STYLE = Automatic;
				CURRENT_PROJECT_VERSION = 1;
				DEVELOPMENT_TEAM = SCQ33YNG7Z;
				GENERATE_INFOPLIST_FILE = YES;
				MARKETING_VERSION = 1.0;
				PRODUCT_BUNDLE_IDENTIFIER = KWK.questionappUITests;
				PRODUCT_NAME = "$(TARGET_NAME)";
				SWIFT_EMIT_LOC_STRINGS = NO;
				SWIFT_VERSION = 5.0;
				TARGETED_DEVICE_FAMILY = "1,2";
				TEST_TARGET_NAME = questionapp;
			};
			name = Release;
		};
/* End XCBuildConfiguration section */

/* Begin XCConfigurationList section */
		2B6BAF662C29C2ED002C4EE4 /* Build configuration list for PBXProject "questionapp" */ = {
			isa = XCConfigurationList;
			buildConfigurations = (
				2B6BAF8D2C29C2EF002C4EE4 /* Debug */,
				2B6BAF8E2C29C2EF002C4EE4 /* Release */,
			);
			defaultConfigurationIsVisible = 0;
			defaultConfigurationName = Release;
		};
		2B6BAF8F2C29C2EF002C4EE4 /* Build configuration list for PBXNativeTarget "questionapp" */ = {
			isa = XCConfigurationList;
			buildConfigurations = (
				2B6BAF902C29C2EF002C4EE4 /* Debug */,
				2B6BAF912C29C2EF002C4EE4 /* Release */,
			);
			defaultConfigurationIsVisible = 0;
			defaultConfigurationName = Release;
		};
		2B6BAF922C29C2EF002C4EE4 /* Build configuration list for PBXNativeTarget "questionappTests" */ = {
			isa = XCConfigurationList;
			buildConfigurations = (
				2B6BAF932C29C2EF002C4EE4 /* Debug */,
				2B6BAF942C29C2EF002C4EE4 /* Release */,
			);
			defaultConfigurationIsVisible = 0;
			defaultConfigurationName = Release;
		};
		2B6BAF952C29C2EF002C4EE4 /* Build configuration list for PBXNativeTarget "questionappUITests" */ = {
			isa = XCConfigurationList;
			buildConfigurations = (
				2B6BAF962C29C2EF002C4EE4 /* Debug */,
				2B6BAF972C29C2EF002C4EE4 /* Release */,
			);
			defaultConfigurationIsVisible = 0;
			defaultConfigurationName = Release;
		};
/* End XCConfigurationList section */
	};
	rootObject = 2B6BAF632C29C2ED002C4EE4 /* Project object */;
}
